lockfileVersion: '9.0'

settings:
  autoInstallPeers: true
  excludeLinksFromLockfile: false

importers:

  .:
    dependencies:
      '@electric-sql/pglite':
        specifier: 0.5.4
        version: 0.5.4
      '@electric-sql/pglite-pgtap':
        specifier: 0.0.5
        version: 0.0.5(@electric-sql/pglite@0.5.4)
      '@electric-sql/pglite-postgis':
        specifier: 0.2.4
        version: 0.2.4(@electric-sql/pglite@0.5.4)
      '@electric-sql/pglite-socket':
        specifier: 0.2.7
        version: 0.2.7(@electric-sql/pglite-age@0.0.5(@electric-sql/pglite@0.5.4))(@electric-sql/pglite-pg_hashids@0.0.5(@electric-sql/pglite@0.5.4))(@electric-sql/pglite-pg_ivm@0.0.5(@electric-sql/pglite@0.5.4))(@electric-sql/pglite-pg_textsearch@0.0.6(@electric-sql/pglite@0.5.4))(@electric-sql/pglite-pg_uuidv7@0.0.5(@electric-sql/pglite@0.5.4))(@electric-sql/pglite-pgtap@0.0.5(@electric-sql/pglite@0.5.4))(@electric-sql/pglite-pgvector@0.0.5(@electric-sql/pglite@0.5.4))(@electric-sql/pglite@0.5.4)
      tinbase:
        specifier: 0.7.1
        version: 0.7.1

packages:

  '@electric-sql/pglite-age@0.0.5':
    resolution: {integrity: sha512-0PoZu8c5tkvqvVrS77Wcz3hK+nSGw8u8omX8cOWzrg7P95lvS3t4ie9tg5RUPSoFS3xkGJFMBwrqWm5BHTDjiQ==}
    peerDependencies:
      '@electric-sql/pglite': 0.5.4

  '@electric-sql/pglite-pg_hashids@0.0.5':
    resolution: {integrity: sha512-z8iR0ui18LiK8QBCQfq4vrzMIBEUROdYPWJSG5f91v8JHv0lbCc5B/qw5pSKnoht1pXlH0yPcvLF/+GuMYSRdQ==}
    peerDependencies:
      '@electric-sql/pglite': 0.5.4

  '@electric-sql/pglite-pg_ivm@0.0.5':
    resolution: {integrity: sha512-xx9IjXcRmbHivVLB9DbaA9MsMx8vJGk+cqN2N592oCoKqe+k7SXcUuRh/PSglS7jaHPXM/KvE7KDOh+lip3LfA==}
    peerDependencies:
      '@electric-sql/pglite': 0.5.4

  '@electric-sql/pglite-pg_textsearch@0.0.6':
    resolution: {integrity: sha512-n5lTjivQn/ZvVFdMoW3Rn9u30S0LeAh/sOmjKptnF0nsTa1zIZxa0mAuynzIKrMoUQ0wOFHyB3mj1lIK2UWHUA==}
    peerDependencies:
      '@electric-sql/pglite': 0.5.4

  '@electric-sql/pglite-pg_uuidv7@0.0.5':
    resolution: {integrity: sha512-uAatun9hKF6TKYZBc83SaU+snWsg6v2cRatzmty+3e6ai4yDpcOMJBjmA+I73ec0Dk6tykEDsgcsJ0+Eg8af+Q==}
    peerDependencies:
      '@electric-sql/pglite': 0.5.4

  '@electric-sql/pglite-pgtap@0.0.5':
    resolution: {integrity: sha512-Bf2L2mcsN8AjqZJVXKoUOIaXljtrapclfgrgx4MN2UMLxJtzoPju0KR9aD89mi09eJEMZuKIDsKrtEdXUPuzLQ==}
    peerDependencies:
      '@electric-sql/pglite': 0.5.4

  '@electric-sql/pglite-pgvector@0.0.5':
    resolution: {integrity: sha512-KEPAkD/3FN6WlDM6XPi2Ko1Xk0ecjOU9OfzCoclVkiRoEVNRYwKo1iO+tlkelMgp07SszmSC4JdSBueH2p7uOQ==}
    peerDependencies:
      '@electric-sql/pglite': 0.5.4

  '@electric-sql/pglite-postgis@0.2.4':
    resolution: {integrity: sha512-bHtSmAwPCvIboJ0gnPhOtQMpel8uLSGj91tTpaHOLhrsRwFZG60ZbHCimuWg+BLCRVzHswEMrShV8QyhAxhFmQ==}
    peerDependencies:
      '@electric-sql/pglite': 0.5.4

  '@electric-sql/pglite-socket@0.2.7':
    resolution: {integrity: sha512-lhYx1OOVueiWJRa2Uj1QiIjCWmpRnYLNs5rRH/g47EqrYXP/Qt3VvcXGGum4uIouKKMVlPlkXb6E5Uw0aHRymw==}
    hasBin: true
    peerDependencies:
      '@electric-sql/pglite': 0.5.4
      '@electric-sql/pglite-age': 0.0.5
      '@electric-sql/pglite-pg_hashids': 0.0.5
      '@electric-sql/pglite-pg_ivm': 0.0.5
      '@electric-sql/pglite-pg_textsearch': 0.0.6
      '@electric-sql/pglite-pg_uuidv7': 0.0.5
      '@electric-sql/pglite-pgtap': 0.0.5
      '@electric-sql/pglite-pgvector': 0.0.5

  '@electric-sql/pglite@0.5.4':
    resolution: {integrity: sha512-yYZUyyXrHU7tPlCjwZQJ6hIG9DscdCCn7Uk0mYKwC1FeHX286AbcmFveMiRBEak8e9iPupjsoVImN3yJZVed2g==}

  '@esbuild/aix-ppc64@0.28.1':
    resolution: {integrity: sha512-Svl7tq8k/08+p6CXPpRjQ1fKX+1odH/BQbb48fV6fj3CWHhsoIOoY87w1oHXm0qEpkIK3ZfVgp0hed3XBXzXMQ==}
    engines: {node: '>=18'}
    cpu: [ppc64]
    os: [aix]

  '@esbuild/android-arm64@0.28.1':
    resolution: {integrity: sha512-34EGEbCIAgosYz6goLcopX6Mo7NyGv9tfwEM2/7Ce2VcVRk568iSvniGWcUXIy7wEDR1wzolcxcriFVrWYcwBg==}
    engines: {node: '>=18'}
    cpu: [arm64]
    os: [android]

  '@esbuild/android-arm@0.28.1':
    resolution: {integrity: sha512-0k2F129Xdio1TdJfzJ8sy1Q47vUD2NnwdhiAf7drUN1EBTfPf4hsFCtmMgu/6m8JSzsBrlmVjudMBQqOfG8usQ==}
    engines: {node: '>=18'}
    cpu: [arm]
    os: [android]

  '@esbuild/android-x64@0.28.1':
    resolution: {integrity: sha512-dbwY7ltSMDWsRatcRpCnES4F+im88OCUgGZjy52shC7GqHRE/cYlxNbB4Z4UpJswpcc4Qxd2oE/ufM0p61IKng==}
    engines: {node: '>=18'}
    cpu: [x64]
    os: [android]

  '@esbuild/darwin-arm64@0.28.1':
    resolution: {integrity: sha512-TZbWkQY7kvTAXbXUT7uVACR5cMHsDiSz9z7ZKAX/RTq/WJEk3QyRr0wZpNhBDX+/0CtdqUIJlOiodQcta6tY3Q==}
    engines: {node: '>=18'}
    cpu: [arm64]
    os: [darwin]

  '@esbuild/darwin-x64@0.28.1':
    resolution: {integrity: sha512-zfdzgK9ACBNZLI/CyHTOx81SyNbM6YXn7rxSgX97VjyiPl9W1i4Ka4fgKECEoFCKGpvBj5qArWIGgQjOwkgskQ==}
    engines: {node: '>=18'}
    cpu: [x64]
    os: [darwin]

  '@esbuild/freebsd-arm64@0.28.1':
    resolution: {integrity: sha512-wG2EA8ENdEI0qhkSZMjfqrdY+ziCYCPMmtZjjIwOmXFjmyzEHn+UUxk5of+SYsjtfs3VpnlC7QLzSI5hY/rOAw==}
    engines: {node: '>=18'}
    cpu: [arm64]
    os: [freebsd]

  '@esbuild/freebsd-x64@0.28.1':
    resolution: {integrity: sha512-i7dZ9vQgnvSCzi/rYCXNgtF/U+eKZNJBzu3eTQbRgHnM7tNSizLOkRFAl3qzVc/Op/u5YkHHa4pf/3DOYHthLQ==}
    engines: {node: '>=18'}
    cpu: [x64]
    os: [freebsd]

  '@esbuild/linux-arm64@0.28.1':
    resolution: {integrity: sha512-yHs+0uc8+nvEAfAfxrWQKK5peSNzBc4PegcMO0EJ2hT71uA7vB8Ihg2e77R2P7SG5uYjPbHlLLmve4LLLRCf0g==}
    engines: {node: '>=18'}
    cpu: [arm64]
    os: [linux]

  '@esbuild/linux-arm@0.28.1':
    resolution: {integrity: sha512-qVXBOHQS+d5Y722GwJzJUtOLlX7km3CraOaGormF1pDtPd2C/l1SHRPgjLunLGe51Sh5YYWKMFDyV4SxgMQYTQ==}
    engines: {node: '>=18'}
    cpu: [arm]
    os: [linux]

  '@esbuild/linux-ia32@0.28.1':
    resolution: {integrity: sha512-d1z4ZuP0ajrfz/FhGT4vv278rX8KnPPJx8i5+AtK7TYbx9Le9F1hyzurZpkEyjkGa9dUGhQow4C1NmeGvqxN2w==}
    engines: {node: '>=18'}
    cpu: [ia32]
    os: [linux]

  '@esbuild/linux-loong64@0.28.1':
    resolution: {integrity: sha512-M5sRjUVZrkm1OAPR3dlOYzNmN+loZKGVi1VUQGrwuqLcbR6qeAz+famMhjASeH3YVKvZz+zT1jlh/keC3Rj/lg==}
    engines: {node: '>=18'}
    cpu: [loong64]
    os: [linux]

  '@esbuild/linux-mips64el@0.28.1':
    resolution: {integrity: sha512-mRObBZeHh2OxcBFPWE/FjylkRgZdYuiTR3vaTozquCGOH14iP9oN4x4Ge81CoIDYQrXmIxpFumJBu5MtZpnQJQ==}
    engines: {node: '>=18'}
    cpu: [mips64el]
    os: [linux]

  '@esbuild/linux-ppc64@0.28.1':
    resolution: {integrity: sha512-slScBsMAb3GFDcdrCgLwZtPYRoH2H/youv10QiZyRjmsP48fznoveWytSgCI/R0ZcUgpc0ZhIUEx6LHts8yrfQ==}
    engines: {node: '>=18'}
    cpu: [ppc64]
    os: [linux]

  '@esbuild/linux-riscv64@0.28.1':
    resolution: {integrity: sha512-kw0owk1o0GFETUJyW0jc0G4Yzs0BHZn0JDZ8JRT088vjJYX777BAs1fDGxAC+q831qOs2DTC96mNsG2opdfyyQ==}
    engines: {node: '>=18'}
    cpu: [riscv64]
    os: [linux]

  '@esbuild/linux-s390x@0.28.1':
    resolution: {integrity: sha512-/lAIjX8aYFRByhh6L5rYtPEDRqa9de/4V/juOXcta5frjvzXO4/sqEtyytse0g3zZFuWu5cDN0MkLz2qRDD2Ag==}
    engines: {node: '>=18'}
    cpu: [s390x]
    os: [linux]

  '@esbuild/linux-x64@0.28.1':
    resolution: {integrity: sha512-u/anNYF2mmVOEDwLtnQ1wOr3EZ9sTNGLWrsYGYwHWzGA3Si84IOkHXlbWTD1NB+9/1lcnweYKO54uhxZydNzfA==}
    engines: {node: '>=18'}
    cpu: [x64]
    os: [linux]

  '@esbuild/netbsd-arm64@0.28.1':
    resolution: {integrity: sha512-oks0DYbLwWMmaakTsCb+zL4E+aHRVLom9IJZOAthMQEPiQmydXHkziYEsGYRx0uNV/IjEKGAV941JzH02pflqw==}
    engines: {node: '>=18'}
    cpu: [arm64]
    os: [netbsd]

  '@esbuild/netbsd-x64@0.28.1':
    resolution: {integrity: sha512-aeL6lAnN89Hz43Mlh1G8ARasbuoYvSITDEx0tHh5b7jJnHcssqgjy9Yx430GDpmCa6OyrKoS0aNRjKundRizGg==}
    engines: {node: '>=18'}
    cpu: [x64]
    os: [netbsd]

  '@esbuild/openbsd-arm64@0.28.1':
    resolution: {integrity: sha512-MEFJe5C3R8pwXdZ5Y21oo6m7ePiS0d9pWucn99O/wvyJZChoIQKrQDxKrGeW8F5+T0okTHesAmDeiHDTIq0V/Q==}
    engines: {node: '>=18'}
    cpu: [arm64]
    os: [openbsd]

  '@esbuild/openbsd-x64@0.28.1':
    resolution: {integrity: sha512-i/ZLIOafE0Z8cI/XANJAixoJL/uRAoS2xOA3rb0xN+KK0K177cMAsQYkzHtBrtMXAKuAc7HGgcWiZ/sRC1Nxgw==}
    engines: {node: '>=18'}
    cpu: [x64]
    os: [openbsd]

  '@esbuild/openharmony-arm64@0.28.1':
    resolution: {integrity: sha512-ge+Z7EXFNt2BO1oAMsVpiQ8EwndV9i1xXerAeTIK7AtPs3bKFXQM7nlRxDSIUIMeueR1CNXxqztLzdNeReKBJg==}
    engines: {node: '>=18'}
    cpu: [arm64]
    os: [openharmony]

  '@esbuild/sunos-x64@0.28.1':
    resolution: {integrity: sha512-BEjgtECkL3vY+SaSQ6nzVfiALUeFxpawyp8Jmf5PtYhf1Ug40N1h/hxlhts+f1FvSvarEigdxS3BlSMI2PJLcQ==}
    engines: {node: '>=18'}
    cpu: [x64]
    os: [sunos]

  '@esbuild/win32-arm64@0.28.1':
    resolution: {integrity: sha512-lCv9eK/H6ZJWbE7bh2nw54CZ9M2nupBxJcTsdk/QQnWkdSjKGuxmmH8/GWrlT1eMmZfn4dGcCjRte397WqfQXA==}
    engines: {node: '>=18'}
    cpu: [arm64]
    os: [win32]

  '@esbuild/win32-ia32@0.28.1':
    resolution: {integrity: sha512-zvb/mB2bSCoJOpoCBgYKKpX6YM6mJBlBUVUtVj41DlZJVEB6/0CKlRYxP5wWl1C1ILiCoAU5wZZ4q1P3qeS6Eg==}
    engines: {node: '>=18'}
    cpu: [ia32]
    os: [win32]

  '@esbuild/win32-x64@0.28.1':
    resolution: {integrity: sha512-bm4Mowrv+GXMlpWX++EcXw/iLyd1o3+bJkC2DkWXYVvgZCqD/bSj9ctZeAMC3cIxgjRVR2Dufaiu4YPxr5gW1A==}
    engines: {node: '>=18'}
    cpu: [x64]
    os: [win32]

  call-bind-apply-helpers@1.0.2:
    resolution: {integrity: sha512-Sp1ablJ0ivDkSzjcaJdxEunN5/XvksFJ2sMBFfq6x0ryhQV/2b/KwFe21cMpmHtPOSij8K99/wSfoEuTObmuMQ==}
    engines: {node: '>= 0.4'}

  call-bind@1.0.9:
    resolution: {integrity: sha512-a/hy+pNsFUTR+Iz8TCJvXudKVLAnz/DyeSUo10I5yvFDQJBFU2s9uqQpoSrJlroHUKoKqzg+epxyP9lqFdzfBQ==}
    engines: {node: '>= 0.4'}

  call-bound@1.0.4:
    resolution: {integrity: sha512-+ys997U96po4Kx/ABpBCqhA9EuxJaQWDQg7295H4hBphv3IZg0boBKuwYpt4YXp6MZ5AmZQnU/tyMTlRpaSejg==}
    engines: {node: '>= 0.4'}

  commander@2.20.3:
    resolution: {integrity: sha512-GpVkmM8vF2vQUkj2LvZmD35JxeJOLCwJ9cUkugyk2nuhbv3+mJvpLYYt+0+USMxE+oj+ey/lJEnhZw75x/OMcQ==}

  define-data-property@1.1.4:
    resolution: {integrity: sha512-rBMvIzlpA8v6E+SJZoo++HAYqsLrkg7MSfIinMPFhmkorw7X+dOXVJQs+QT69zGkzMyfDnIMN2Wid1+NbL3T+A==}
    engines: {node: '>= 0.4'}

  discontinuous-range@1.0.0:
    resolution: {integrity: sha512-c68LpLbO+7kP/b1Hr1qs8/BJ09F5khZGTxqxZuhzxpmwJKOgRFHJWIb9/KmqnqHhLdO55aOxFH/EGBvUQbL/RQ==}

  dunder-proto@1.0.1:
    resolution: {integrity: sha512-KIN/nDJBQRcXw0MLVhZE9iQHmG68qAVIBg9CqmUYjmQIhgij9U5MFvrqkUL5FbtyyzZuOeOt0zdeRe4UY7ct+A==}
    engines: {node: '>= 0.4'}

  es-define-property@1.0.1:
    resolution: {integrity: sha512-e3nRfgfUZ4rNGL232gUgX06QNyyez04KdjFrF+LTRoOXmrOgFKDg4BCdsjW8EnT69eqdYGmRpJwiPVYNrCaW3g==}
    engines: {node: '>= 0.4'}

  es-errors@1.3.0:
    resolution: {integrity: sha512-Zf5H2Kxt2xjTvbJvP2ZWLEICxA6j+hAmMzIlypy4xcBg1vKVnx89Wy0GbS+kf5cwCVFFzdCFh2XSCFNULS6csw==}
    engines: {node: '>= 0.4'}

  es-object-atoms@1.1.2:
    resolution: {integrity: sha512-HWcBoN6NileqtSydK2FqHbS/LoDd2pqrnQHLyJzBj4kOp/ky2MWMN694xOfkK8/SnUsW2DH7EfyVlydKCsm1Zw==}
    engines: {node: '>= 0.4'}

  esbuild@0.28.1:
    resolution: {integrity: sha512-HrJrvZv5ayxBzPfwphOoNzkzOIIlifzk0KJrGK2c8R4+LKpMtpYLQeUdjnwjWv/LZlkH2laZk+4w78pi99D4Vw==}
    engines: {node: '>=18'}
    hasBin: true

  function-bind@1.1.2:
    resolution: {integrity: sha512-7XHNxH7qX9xG5mIwxkhumTox/MIRNcOgDrxWsMt2pAr23WHp6MrRlN7FBSFpCpr+oVO0F744iUgR82nJMfG2SA==}

  functional-red-black-tree@1.0.1:
    resolution: {integrity: sha512-dsKNQNdj6xA3T+QlADDA7mOSlX0qiMINjn0cgr+eGHGsbSHzTabcIogz2+p/iqP1Xs6EP/sS2SbqH+brGTbq0g==}

  get-intrinsic@1.3.0:
    resolution: {integrity: sha512-9fSjSaos/fRIVIp+xSJlE6lfwhES7LNtKaCBIamHsjr2na1BiABJPo0mOjjz8GJDURarmCPGqaiVg5mfjb98CQ==}
    engines: {node: '>= 0.4'}

  get-proto@1.0.1:
    resolution: {integrity: sha512-sTSfBjoXBp89JvIKIefqw7U2CCebsc74kiY6awiGogKtoSGbgjYE/G/+l9sF3MWFPNc9IcoOC4ODfKHfxFmp0g==}
    engines: {node: '>= 0.4'}

  gopd@1.2.0:
    resolution: {integrity: sha512-ZUKRh6/kUFoAiTAtTYPZJ3hw9wNxx+BIBOijnlG9PnrJsCcSjs1wyyD6vJpaYtgnzDrKYRSqf3OO6Rfa93xsRg==}
    engines: {node: '>= 0.4'}

  has-property-descriptors@1.0.2:
    resolution: {integrity: sha512-55JNKuIW+vq4Ke1BjOTjM2YctQIvCT7GFzHwmfZPGo5wnrgkid0YQtnAleFSqumZm4az3n2BS+erby5ipJdgrg==}

  has-symbols@1.1.0:
    resolution: {integrity: sha512-1cDNdwJ2Jaohmb3sg4OmKaMBwuC48sYni5HUw2DvsC8LjGTLK9h+eb1X6RyuOHe4hT0ULCW68iomhjUoKUqlPQ==}
    engines: {node: '>= 0.4'}

  hasown@2.0.4:
    resolution: {integrity: sha512-T2UbfbBEF32wiepXIsMlTW9+dDYC6wMh/t/vYA4tuOMKqWz/n3vr1NFSxQiyP+zk2mXsoMA/i/7qV6LKut1t1A==}
    engines: {node: '>= 0.4'}

  immutable@4.3.9:
    resolution: {integrity: sha512-ObHy4YN7ycwZOUCLI1/6svfyAFu7vL8RhAvVu/bh/RZW9EPlOyDaQ9jDQWCtdqzaXUjgXZCW1migtHE7YI7UGQ==}

  isarray@2.0.5:
    resolution: {integrity: sha512-xHjhDr3cNBK0BzdUJSPXZntQUx/mwMS5Rw4A7lPJ90XGAO6ISP/ePDNuo0vhqOZU+UD5JoodwCAAoZQd3FeAKw==}

  json-stable-stringify@1.3.0:
    resolution: {integrity: sha512-qtYiSSFlwot9XHtF9bD9c7rwKjr+RecWT//ZnPvSmEjpV5mmPOCN4j8UjY5hbjNkOwZ/jQv3J6R1/pL7RwgMsg==}
    engines: {node: '>= 0.4'}

  jsonify@0.0.1:
    resolution: {integrity: sha512-2/Ki0GcmuqSrgFyelQq9M05y7PS0mEwuIzrf3f1fPqkVDVRvZrPZtVSMHxdgo8Aq0sxAOb/cr2aqqA3LeWHVPg==}

  lru-cache@6.0.0:
    resolution: {integrity: sha512-Jo6dJ04CmSjuznwJSS3pUeWmd/H0ffTlkXXgwZi+eq1UCmqQwCh+eLsYOYCwY991i2Fah4h1BEMCx4qThGbsiA==}
    engines: {node: '>=10'}

  math-intrinsics@1.1.0:
    resolution: {integrity: sha512-/IXtbwEk5HTPyEwyKX6hGkYXxM9nbj64B+ilVJnC/R6B0pH5G4V3b0pVbL7DBj4tkhBAppbQUlf6F6Xl9LHu1g==}
    engines: {node: '>= 0.4'}

  moment@2.30.1:
    resolution: {integrity: sha512-uEmtNhbDOrWPFS+hdjFCBfy9f2YoyzRpwcl+DqpC6taX21FzsTLQVbMV/W7PzNSX6x/bhC1zA3c2UQ5NzH6how==}

  moo@0.5.3:
    resolution: {integrity: sha512-m2fmM2dDm7GZQsY7KK2cme8agi+AAljILjQnof7p1ZMDe6dQ4bdnSMx0cPppudoeNv5hEFQirN6u+O4fDE0IWA==}

  nearley@2.20.1:
    resolution: {integrity: sha512-+Mc8UaAebFzgV+KpI5n7DasuuQCHA89dmwm7JXw3TV43ukfNQ9DnBH3Mdb2g/I4Fdxc26pwimBWvjIw0UAILSQ==}
    hasBin: true

  object-hash@2.2.0:
    resolution: {integrity: sha512-gScRMn0bS5fH+IuwyIFgnh9zBdo4DV+6GhygmWM9HyNJSgS0hScp1f5vjtm7oIIOiT9trXrShAkLFSc2IqKNgw==}
    engines: {node: '>= 6'}

  object-keys@1.1.1:
    resolution: {integrity: sha512-NuAESUOUMrlIXOfHKzD6bpPu3tYt3xvjNdRIQ+FeT0lNb4K8WR70CaDxhuNguS2XG+GjkyMwOzsN5ZktImfhLA==}
    engines: {node: '>= 0.4'}

  pg-mem@3.0.14:
    resolution: {integrity: sha512-G9m8OD0A+YS083smidSUJddTX2dEDPT8mRMG3sQGNiGfS/mkvAgd9Kf1/onD5633bFN7HcQK/Tn2x7qjBMFRUQ==}
    peerDependencies:
      '@mikro-orm/core': '>=4.5.3'
      '@mikro-orm/postgresql': '>=4.5.3'
      knex: '>=0.20'
      kysely: '>=0.26'
      mikro-orm: '*'
      pg-promise: '>=10.8.7'
      pg-server: ^0.1.5
      postgres: ^3.4.4
      slonik: '>=23.0.1'
      typeorm: '>=0.2.29'
    peerDependenciesMeta:
      '@mikro-orm/core':
        optional: true
      '@mikro-orm/postgresql':
        optional: true
      knex:
        optional: true
      kysely:
        optional: true
      mikro-orm:
        optional: true
      pg-promise:
        optional: true
      pg-server:
        optional: true
      postgres:
        optional: true
      slonik:
        optional: true
      typeorm:
        optional: true

  pgsql-ast-parser@12.0.2:
    resolution: {integrity: sha512-1WWa96Sw6h4uv9GLw98EzH/+xoBTC8j2TwV/AMW3E+Ir/fHOu/jLLbj6kPiz3y2bGISTKNYvKWwHoqvQ5FLuAw==}

  railroad-diagrams@1.0.0:
    resolution: {integrity: sha512-cz93DjNeLY0idrCNOH6PviZGRN9GJhsdm9hpn1YCS879fj4W+x5IFJhhkRZcwVgMmFF7R82UA/7Oh+R8lLZg6A==}

  randexp@0.4.6:
    resolution: {integrity: sha512-80WNmd9DA0tmZrw9qQa62GPPWfuXJknrmVmLcxvq4uZBdYqb1wYoKTmnlGUchvVWe0XiLupYkBoXVOxz3C8DYQ==}
    engines: {node: '>=0.12'}

  ret@0.1.15:
    resolution: {integrity: sha512-TTlYpa+OL+vMMNG24xSlQGEJ3B/RzEfUlLct7b5G/ytav+wPrplCpVMFuwzXbkecJrb6IYo1iFb0S9v37754mg==}
    engines: {node: '>=0.12'}

  set-function-length@1.2.2:
    resolution: {integrity: sha512-pgRc4hJ4/sNjWCSS9AmnS40x3bNMDTknHgL5UaMBTMyJnU90EgWh1Rz+MC9eFu4BuN/UwZjKQuY/1v3rM7HMfg==}
    engines: {node: '>= 0.4'}

  tinbase@0.7.1:
    resolution: {integrity: sha512-BQDaMiNrJzP+KhGvWoKiWnvY01PXyJFdzjduLoAhIyPahbJQCoplyKxBcRDqAO4qP9plxdBF5fXFUd2MmnN+3Q==}
    engines: {node: '>=22'}
    hasBin: true

  yallist@4.0.0:
    resolution: {integrity: sha512-3wdGidZyq5PB084XLES5TpOSRA3wjXAlIWMhum2kRcv/41Sn2emQ0dycQW4uZXLejwKvg6EsvbdlVL+FYEct7A==}

snapshots:

  '@electric-sql/pglite-age@0.0.5(@electric-sql/pglite@0.5.4)':
    dependencies:
      '@electric-sql/pglite': 0.5.4

  '@electric-sql/pglite-pg_hashids@0.0.5(@electric-sql/pglite@0.5.4)':
    dependencies:
      '@electric-sql/pglite': 0.5.4

  '@electric-sql/pglite-pg_ivm@0.0.5(@electric-sql/pglite@0.5.4)':
    dependencies:
      '@electric-sql/pglite': 0.5.4

  '@electric-sql/pglite-pg_textsearch@0.0.6(@electric-sql/pglite@0.5.4)':
    dependencies:
      '@electric-sql/pglite': 0.5.4

  '@electric-sql/pglite-pg_uuidv7@0.0.5(@electric-sql/pglite@0.5.4)':
    dependencies:
      '@electric-sql/pglite': 0.5.4

  '@electric-sql/pglite-pgtap@0.0.5(@electric-sql/pglite@0.5.4)':
    dependencies:
      '@electric-sql/pglite': 0.5.4

  '@electric-sql/pglite-pgvector@0.0.5(@electric-sql/pglite@0.5.4)':
    dependencies:
      '@electric-sql/pglite': 0.5.4

  '@electric-sql/pglite-postgis@0.2.4(@electric-sql/pglite@0.5.4)':
    dependencies:
      '@electric-sql/pglite': 0.5.4

  '@electric-sql/pglite-socket@0.2.7(@electric-sql/pglite-age@0.0.5(@electric-sql/pglite@0.5.4))(@electric-sql/pglite-pg_hashids@0.0.5(@electric-sql/pglite@0.5.4))(@electric-sql/pglite-pg_ivm@0.0.5(@electric-sql/pglite@0.5.4))(@electric-sql/pglite-pg_textsearch@0.0.6(@electric-sql/pglite@0.5.4))(@electric-sql/pglite-pg_uuidv7@0.0.5(@electric-sql/pglite@0.5.4))(@electric-sql/pglite-pgtap@0.0.5(@electric-sql/pglite@0.5.4))(@electric-sql/pglite-pgvector@0.0.5(@electric-sql/pglite@0.5.4))(@electric-sql/pglite@0.5.4)':
    dependencies:
      '@electric-sql/pglite': 0.5.4
      '@electric-sql/pglite-age': 0.0.5(@electric-sql/pglite@0.5.4)
      '@electric-sql/pglite-pg_hashids': 0.0.5(@electric-sql/pglite@0.5.4)
      '@electric-sql/pglite-pg_ivm': 0.0.5(@electric-sql/pglite@0.5.4)
      '@electric-sql/pglite-pg_textsearch': 0.0.6(@electric-sql/pglite@0.5.4)
      '@electric-sql/pglite-pg_uuidv7': 0.0.5(@electric-sql/pglite@0.5.4)
      '@electric-sql/pglite-pgtap': 0.0.5(@electric-sql/pglite@0.5.4)
      '@electric-sql/pglite-pgvector': 0.0.5(@electric-sql/pglite@0.5.4)

  '@electric-sql/pglite@0.5.4': {}

  '@esbuild/aix-ppc64@0.28.1':
    optional: true

  '@esbuild/android-arm64@0.28.1':
    optional: true

  '@esbuild/android-arm@0.28.1':
    optional: true

  '@esbuild/android-x64@0.28.1':
    optional: true

  '@esbuild/darwin-arm64@0.28.1':
    optional: true

  '@esbuild/darwin-x64@0.28.1':
    optional: true

  '@esbuild/freebsd-arm64@0.28.1':
    optional: true

  '@esbuild/freebsd-x64@0.28.1':
    optional: true

  '@esbuild/linux-arm64@0.28.1':
    optional: true

  '@esbuild/linux-arm@0.28.1':
    optional: true

  '@esbuild/linux-ia32@0.28.1':
    optional: true

  '@esbuild/linux-loong64@0.28.1':
    optional: true

  '@esbuild/linux-mips64el@0.28.1':
    optional: true

  '@esbuild/linux-ppc64@0.28.1':
    optional: true

  '@esbuild/linux-riscv64@0.28.1':
    optional: true

  '@esbuild/linux-s390x@0.28.1':
    optional: true

  '@esbuild/linux-x64@0.28.1':
    optional: true

  '@esbuild/netbsd-arm64@0.28.1':
    optional: true

  '@esbuild/netbsd-x64@0.28.1':
    optional: true

  '@esbuild/openbsd-arm64@0.28.1':
    optional: true

  '@esbuild/openbsd-x64@0.28.1':
    optional: true

  '@esbuild/openharmony-arm64@0.28.1':
    optional: true

  '@esbuild/sunos-x64@0.28.1':
    optional: true

  '@esbuild/win32-arm64@0.28.1':
    optional: true

  '@esbuild/win32-ia32@0.28.1':
    optional: true

  '@esbuild/win32-x64@0.28.1':
    optional: true

  call-bind-apply-helpers@1.0.2:
    dependencies:
      es-errors: 1.3.0
      function-bind: 1.1.2
    optional: true

  call-bind@1.0.9:
    dependencies:
      call-bind-apply-helpers: 1.0.2
      es-define-property: 1.0.1
      get-intrinsic: 1.3.0
      set-function-length: 1.2.2
    optional: true

  call-bound@1.0.4:
    dependencies:
      call-bind-apply-helpers: 1.0.2
      get-intrinsic: 1.3.0
    optional: true

  commander@2.20.3:
    optional: true

  define-data-property@1.1.4:
    dependencies:
      es-define-property: 1.0.1
      es-errors: 1.3.0
      gopd: 1.2.0
    optional: true

  discontinuous-range@1.0.0:
    optional: true

  dunder-proto@1.0.1:
    dependencies:
      call-bind-apply-helpers: 1.0.2
      es-errors: 1.3.0
      gopd: 1.2.0
    optional: true

  es-define-property@1.0.1:
    optional: true

  es-errors@1.3.0:
    optional: true

  es-object-atoms@1.1.2:
    dependencies:
      es-errors: 1.3.0
    optional: true

  esbuild@0.28.1:
    optionalDependencies:
      '@esbuild/aix-ppc64': 0.28.1
      '@esbuild/android-arm': 0.28.1
      '@esbuild/android-arm64': 0.28.1
      '@esbuild/android-x64': 0.28.1
      '@esbuild/darwin-arm64': 0.28.1
      '@esbuild/darwin-x64': 0.28.1
      '@esbuild/freebsd-arm64': 0.28.1
      '@esbuild/freebsd-x64': 0.28.1
      '@esbuild/linux-arm': 0.28.1
      '@esbuild/linux-arm64': 0.28.1
      '@esbuild/linux-ia32': 0.28.1
      '@esbuild/linux-loong64': 0.28.1
      '@esbuild/linux-mips64el': 0.28.1
      '@esbuild/linux-ppc64': 0.28.1
      '@esbuild/linux-riscv64': 0.28.1
      '@esbuild/linux-s390x': 0.28.1
      '@esbuild/linux-x64': 0.28.1
      '@esbuild/netbsd-arm64': 0.28.1
      '@esbuild/netbsd-x64': 0.28.1
      '@esbuild/openbsd-arm64': 0.28.1
      '@esbuild/openbsd-x64': 0.28.1
      '@esbuild/openharmony-arm64': 0.28.1
      '@esbuild/sunos-x64': 0.28.1
      '@esbuild/win32-arm64': 0.28.1
      '@esbuild/win32-ia32': 0.28.1
      '@esbuild/win32-x64': 0.28.1
    optional: true

  function-bind@1.1.2:
    optional: true

  functional-red-black-tree@1.0.1:
    optional: true

  get-intrinsic@1.3.0:
    dependencies:
      call-bind-apply-helpers: 1.0.2
      es-define-property: 1.0.1
      es-errors: 1.3.0
      es-object-atoms: 1.1.2
      function-bind: 1.1.2
      get-proto: 1.0.1
      gopd: 1.2.0
      has-symbols: 1.1.0
      hasown: 2.0.4
      math-intrinsics: 1.1.0
    optional: true

  get-proto@1.0.1:
    dependencies:
      dunder-proto: 1.0.1
      es-object-atoms: 1.1.2
    optional: true

  gopd@1.2.0:
    optional: true

  has-property-descriptors@1.0.2:
    dependencies:
      es-define-property: 1.0.1
    optional: true

  has-symbols@1.1.0:
    optional: true

  hasown@2.0.4:
    dependencies:
      function-bind: 1.1.2
    optional: true

  immutable@4.3.9:
    optional: true

  isarray@2.0.5:
    optional: true

  json-stable-stringify@1.3.0:
    dependencies:
      call-bind: 1.0.9
      call-bound: 1.0.4
      isarray: 2.0.5
      jsonify: 0.0.1
      object-keys: 1.1.1
    optional: true

  jsonify@0.0.1:
    optional: true

  lru-cache@6.0.0:
    dependencies:
      yallist: 4.0.0
    optional: true

  math-intrinsics@1.1.0:
    optional: true

  moment@2.30.1:
    optional: true

  moo@0.5.3:
    optional: true

  nearley@2.20.1:
    dependencies:
      commander: 2.20.3
      moo: 0.5.3
      railroad-diagrams: 1.0.0
      randexp: 0.4.6
    optional: true

  object-hash@2.2.0:
    optional: true

  object-keys@1.1.1:
    optional: true

  pg-mem@3.0.14:
    dependencies:
      functional-red-black-tree: 1.0.1
      immutable: 4.3.9
      json-stable-stringify: 1.3.0
      lru-cache: 6.0.0
      moment: 2.30.1
      object-hash: 2.2.0
      pgsql-ast-parser: 12.0.2
    optional: true

  pgsql-ast-parser@12.0.2:
    dependencies:
      moo: 0.5.3
      nearley: 2.20.1
    optional: true

  railroad-diagrams@1.0.0:
    optional: true

  randexp@0.4.6:
    dependencies:
      discontinuous-range: 1.0.0
      ret: 0.1.15
    optional: true

  ret@0.1.15:
    optional: true

  set-function-length@1.2.2:
    dependencies:
      define-data-property: 1.1.4
      es-errors: 1.3.0
      function-bind: 1.1.2
      get-intrinsic: 1.3.0
      gopd: 1.2.0
      has-property-descriptors: 1.0.2
    optional: true

  tinbase@0.7.1:
    dependencies:
      '@electric-sql/pglite': 0.5.4
    optionalDependencies:
      esbuild: 0.28.1
      pg-mem: 3.0.14
    transitivePeerDependencies:
      - '@mikro-orm/core'
      - '@mikro-orm/postgresql'
      - knex
      - kysely
      - mikro-orm
      - pg-promise
      - pg-server
      - postgres
      - slonik
      - typeorm

  yallist@4.0.0:
    optional: true
